
Microsoft Visual Studio Solution File, Format Version 12.00
# Visual Studio Version 16
VisualStudioVersion = 16.0.31005.135
MinimumVisualStudioVersion = 10.0.40219.1
Project("{FAE04EC0-301F-11D3-BF4B-00C04F79EFBC}") = "SantaFactory01", "SantaFactory01\SantaFactory01.csproj", "{D63DA1B3-66FF-4620-BED9-F4F3D5183117}"
EndProject
Global
	GlobalSection(SolutionConfigurationPlatforms) = preSolution
		Debug|Any CPU = Debug|Any CPU
		Release|Any CPU = Release|Any CPU
	EndGlobalSection
	GlobalSection(ProjectConfigurationPlatforms) = postSolution
		{D63DA1B3-66FF-4620-BED9-F4F3D5183117}.Debug|Any CPU.ActiveCfg = Debug|Any CPU
		{D63DA1B3-66FF-4620-BED9-F4F3D5183117}.Debug|Any CPU.Build.0 = Debug|Any CPU
		{D63DA1B3-66FF-4620-BED9-F4F3D5183117}.Release|Any CPU.ActiveCfg = Release|Any CPU
		{D63DA1B3-66FF-4620-BED9-F4F3D5183117}.Release|Any CPU.Build.0 = Release|Any CPU
	EndGlobalSection
	GlobalSection(SolutionProperties) = preSolution
		HideSolutionNode = FALSE
	EndGlobalSection
	GlobalSection(ExtensibilityGlobals) = postSolution
		SolutionGuid = {204B7632-FCAB-4ACC-A569-ED0E302D7387}
	EndGlobalSection
EndGlobal
